
Microsoft Visual Studio Solution File, Format Version 12.00
Project("{FAE04EC0-301F-11D3-BF4B-00C04F79EFBC}") = "Artemis.Plugins.Mqtt", "Artemis.Plugins.Mqtt\Artemis.Plugins.Mqtt.csproj", "{C49EFF75-D1D3-486D-BA37-DF65481EA6EB}"
EndProject
Project("{2150E333-8FDC-42A3-9474-1A3956D46DE8}") = "Solution Items", "Solution Items", "{BC333B86-D4D6-4D67-B713-293CAAAD0A1F}"
	ProjectSection(SolutionItems) = preProject
		..\.github\workflows\build.yml = ..\.github\workflows\build.yml
	EndProjectSection
EndProject
Global
	GlobalSection(SolutionConfigurationPlatforms) = preSolution
		Debug|Any CPU = Debug|Any CPU
		Release|Any CPU = Release|Any CPU
	EndGlobalSection
	GlobalSection(ProjectConfigurationPlatforms) = postSolution
		{C49EFF75-D1D3-486D-BA37-DF65481EA6EB}.Debug|Any CPU.ActiveCfg = Debug|x64
		{C49EFF75-D1D3-486D-BA37-DF65481EA6EB}.Debug|Any CPU.Build.0 = Debug|x64
		{C49EFF75-D1D3-486D-BA37-DF65481EA6EB}.Release|Any CPU.ActiveCfg = Release|x64
		{C49EFF75-D1D3-486D-BA37-DF65481EA6EB}.Release|Any CPU.Build.0 = Release|x64
	EndGlobalSection
EndGlobal
